
Microsoft Visual Studio Solution File, Format Version 12.00
# Visual Studio Version 17
VisualStudioVersion = 17.5.002.0
MinimumVisualStudioVersion = 10.0.40219.1
Project("{9A19103F-16F7-4668-BE54-9A1E7A4F7556}") = "ContosoPizza", "ContosoPizza.csproj", "{45F070D2-263F-4F2C-B69C-FE7AB5DA8C6D}"
EndProject
Global
	GlobalSection(SolutionConfigurationPlatforms) = preSolution
		Debug|Any CPU = Debug|Any CPU
		Release|Any CPU = Release|Any CPU
	EndGlobalSection
	GlobalSection(ProjectConfigurationPlatforms) = postSolution
		{45F070D2-263F-4F2C-B69C-FE7AB5DA8C6D}.Debug|Any CPU.ActiveCfg = Debug|Any CPU
		{45F070D2-263F-4F2C-B69C-FE7AB5DA8C6D}.Debug|Any CPU.Build.0 = Debug|Any CPU
		{45F070D2-263F-4F2C-B69C-FE7AB5DA8C6D}.Release|Any CPU.ActiveCfg = Release|Any CPU
		{45F070D2-263F-4F2C-B69C-FE7AB5DA8C6D}.Release|Any CPU.Build.0 = Release|Any CPU
	EndGlobalSection
	GlobalSection(SolutionProperties) = preSolution
		HideSolutionNode = FALSE
	EndGlobalSection
	GlobalSection(ExtensibilityGlobals) = postSolution
		SolutionGuid = {05A215AF-6F4A-4757-B9AE-9FA14F5B7B50}
	EndGlobalSection
EndGlobal
